// !$*UTF8*$!
{
	archiveVersion = 1;
	classes = {
	};
	objectVersion = 56;
	objects = {

/* Begin PBXBuildFile section */
		4D8906022997C98D00745459 /* AppDelegate.swift in Sources */ = {isa = PBXBuildFile; fileRef = 4D8906012997C98D00745459 /* AppDelegate.swift */; };
		4D8906042997C98D00745459 /* SceneDelegate.swift in Sources */ = {isa = PBXBuildFile; fileRef = 4D8906032997C98D00745459 /* SceneDelegate.swift */; };
		4D8906062997C98D00745459 /* ViewController.swift in Sources */ = {isa = PBXBuildFile; fileRef = 4D8906052997C98D00745459 /* ViewController.swift */; };
		4D89060B2997C99300745459 /* Assets.xcassets in Resources */ = {isa = PBXBuildFile; fileRef = 4D89060A2997C99300745459 /* Assets.xcassets */; };
		4D89060E2997C99300745459 /* LaunchScreen.storyboard in Resources */ = {isa = PBXBuildFile; fileRef = 4D89060C2997C99300745459 /* LaunchScreen.storyboard */; };
		4D89061A2997CC9A00745459 /* AppUI.swift in Sources */ = {isa = PBXBuildFile; fileRef = 4D8906192997CC9A00745459 /* AppUI.swift */; };
		4D89061C299BAE6B00745459 /* Story.swift in Sources */ = {isa = PBXBuildFile; fileRef = 4D89061B299BAE6B00745459 /* Story.swift */; };
		4D89061E299BB9EE00745459 /* StoryManage.swift in Sources */ = {isa = PBXBuildFile; fileRef = 4D89061D299BB9EE00745459 /* StoryManage.swift */; };
/* End PBXBuildFile section */

/* Begin PBXFileReference section */
		4D8905FE2997C98D00745459 /* Jungle.app */ = {isa = PBXFileReference; explicitFileType = wrapper.application; includeInIndex = 0; path = Jungle.app; sourceTree = BUILT_PRODUCTS_DIR; };
		4D8906012997C98D00745459 /* AppDelegate.swift */ = {isa = PBXFileReference; lastKnownFileType = sourcecode.swift; path = AppDelegate.swift; sourceTree = "<group>"; };
		4D8906032997C98D00745459 /* SceneDelegate.swift */ = {isa = PBXFileReference; lastKnownFileType = sourcecode.swift; path = SceneDelegate.swift; sourceTree = "<group>"; };
		4D8906052997C98D00745459 /* ViewController.swift */ = {isa = PBXFileReference; lastKnownFileType = sourcecode.swift; path = ViewController.swift; sourceTree = "<group>"; };
		4D89060A2997C99300745459 /* Assets.xcassets */ = {isa = PBXFileReference; lastKnownFileType = folder.assetcatalog; path = Assets.xcassets; sourceTree = "<group>"; };
		4D89060D2997C99300745459 /* Base */ = {isa = PBXFileReference; lastKnownFileType = file.storyboard; name = Base; path = Base.lproj/LaunchScreen.storyboard; sourceTree = "<group>"; };
		4D89060F2997C99300745459 /* Info.plist */ = {isa = PBXFileReference; lastKnownFileType = text.plist.xml; path = Info.plist; sourceTree = "<group>"; };
		4D8906192997CC9A00745459 /* AppUI.swift */ = {isa = PBXFileReference; lastKnownFileType = sourcecode.swift; path = AppUI.swift; sourceTree = "<group>"; };
		4D89061B299BAE6B00745459 /* Story.swift */ = {isa = PBXFileReference; lastKnownFileType = sourcecode.swift; path = Story.swift; sourceTree = "<group>"; };
		4D89061D299BB9EE00745459 /* StoryManage.swift */ = {isa = PBXFileReference; lastKnownFileType = sourcecode.swift; path = StoryManage.swift; sourceTree = "<group>"; };
/* End PBXFileReference section */

/* Begin PBXFrameworksBuildPhase section */
		4D8905FB2997C98D00745459 /* Frameworks */ = {
			isa = PBXFrameworksBuildPhase;
			buildActionMask = 2147483647;
			files = (
			);
			runOnlyForDeploymentPostprocessing = 0;
		};
/* End PBXFrameworksBuildPhase section */

/* Begin PBXGroup section */
		4D8905F52997C98D00745459 = {
			isa = PBXGroup;
			children = (
				4D8906002997C98D00745459 /* Jungle */,
				4D8905FF2997C98D00745459 /* Products */,
			);
			sourceTree = "<group>";
		};
		4D8905FF2997C98D00745459 /* Products */ = {
			isa = PBXGroup;
			children = (
				4D8905FE2997C98D00745459 /* Jungle.app */,
			);
			name = Products;
			sourceTree = "<group>";
		};
		4D8906002997C98D00745459 /* Jungle */ = {
			isa = PBXGroup;
			children = (
				4D8906152997CBC400745459 /* Delegates */,
				4D8906182997CC1A00745459 /* Model */,
				4D8906162997CBF900745459 /* View */,
				4D8906172997CC0B00745459 /* Controllers */,
				4D89060A2997C99300745459 /* Assets.xcassets */,
				4D89060F2997C99300745459 /* Info.plist */,
			);
			path = Jungle;
			sourceTree = "<group>";
		};
		4D8906152997CBC400745459 /* Delegates */ = {
			isa = PBXGroup;
			children = (
				4D8906012997C98D00745459 /* AppDelegate.swift */,
				4D8906032997C98D00745459 /* SceneDelegate.swift */,
			);
			path = Delegates;
			sourceTree = "<group>";
		};
		4D8906162997CBF900745459 /* View */ = {
			isa = PBXGroup;
			children = (
				4D89060C2997C99300745459 /* LaunchScreen.storyboard */,
				4D8906192997CC9A00745459 /* AppUI.swift */,
			);
			path = View;
			sourceTree = "<group>";
		};
		4D8906172997CC0B00745459 /* Controllers */ = {
			isa = PBXGroup;
			children = (
				4D8906052997C98D00745459 /* ViewController.swift */,
			);
			path = Controllers;
			sourceTree = "<group>";
		};
		4D8906182997CC1A00745459 /* Model */ = {
			isa = PBXGroup;
			children = (
				4D89061B299BAE6B00745459 /* Story.swift */,
				4D89061D299BB9EE00745459 /* StoryManage.swift */,
			);
			path = Model;
			sourceTree = "<group>";
		};
/* End PBXGroup section */

/* Begin PBXNativeTarget section */
		4D8905FD2997C98D00745459 /* Jungle */ = {
			isa = PBXNativeTarget;
			buildConfigurationList = 4D8906122997C99300745459 /* Build configuration list for PBXNativeTarget "Jungle" */;
			buildPhases = (
				4D8905FA2997C98D00745459 /* Sources */,
				4D8905FB2997C98D00745459 /* Frameworks */,
				4D8905FC2997C98D00745459 /* Resources */,
			);
			buildRules = (
			);
			dependencies = (
			);
			name = Jungle;
			productName = "Jungle Adventures";
			productReference = 4D8905FE2997C98D00745459 /* Jungle.app */;
			productType = "com.apple.product-type.application";
		};
/* End PBXNativeTarget section */

/* Begin PBXProject section */
		4D8905F62997C98D00745459 /* Project object */ = {
			isa = PBXProject;
			attributes = {
				BuildIndependentTargetsInParallel = 1;
				LastSwiftUpdateCheck = 1420;
				LastUpgradeCheck = 1420;
				TargetAttributes = {
					4D8905FD2997C98D00745459 = {
						CreatedOnToolsVersion = 14.2;
					};
				};
			};
			buildConfigurationList = 4D8905F92997C98D00745459 /* Build configuration list for PBXProject "Jungle" */;
			compatibilityVersion = "Xcode 14.0";
			developmentRegion = en;
			hasScannedForEncodings = 0;
			knownRegions = (
				en,
				Base,
			);
			mainGroup = 4D8905F52997C98D00745459;
			productRefGroup = 4D8905FF2997C98D00745459 /* Products */;
			projectDirPath = "";
			projectRoot = "";
			targets = (
				4D8905FD2997C98D00745459 /* Jungle */,
			);
		};
/* End PBXProject section */

/* Begin PBXResourcesBuildPhase section */
		4D8905FC2997C98D00745459 /* Resources */ = {
			isa = PBXResourcesBuildPhase;
			buildActionMask = 2147483647;
			files = (
				4D89060E2997C99300745459 /* LaunchScreen.storyboard in Resources */,
				4D89060B2997C99300745459 /* Assets.xcassets in Resources */,
			);
			runOnlyForDeploymentPostprocessing = 0;
		};
/* End PBXResourcesBuildPhase section */

/* Begin PBXSourcesBuildPhase section */
		4D8905FA2997C98D00745459 /* Sources */ = {
			isa = PBXSourcesBuildPhase;
			buildActionMask = 2147483647;
			files = (
				4D89061E299BB9EE00745459 /* StoryManage.swift in Sources */,
				4D8906062997C98D00745459 /* ViewController.swift in Sources */,
				4D89061A2997CC9A00745459 /* AppUI.swift in Sources */,
				4D8906022997C98D00745459 /* AppDelegate.swift in Sources */,
				4D8906042997C98D00745459 /* SceneDelegate.swift in Sources */,
				4D89061C299BAE6B00745459 /* Story.swift in Sources */,
			);
			runOnlyForDeploymentPostprocessing = 0;
		};
/* End PBXSourcesBuildPhase section */

/* Begin PBXVariantGroup section */
		4D89060C2997C99300745459 /* LaunchScreen.storyboard */ = {
			isa = PBXVariantGroup;
			children = (
				4D89060D2997C99300745459 /* Base */,
			);
			name = LaunchScreen.storyboard;
			sourceTree = "<group>";
		};
/* End PBXVariantGroup section */

/* Begin XCBuildConfiguration section */
		4D8906102997C99300745459 /* Debug */ = {
			isa = XCBuildConfiguration;
			buildSettings = {
				ALWAYS_SEARCH_USER_PATHS = NO;
				CLANG_ANALYZER_NONNULL = YES;
				CLANG_ANALYZER_NUMBER_OBJECT_CONVERSION = YES_AGGRESSIVE;
				CLANG_CXX_LANGUAGE_STANDARD = "gnu++20";
				CLANG_ENABLE_MODULES = YES;
				CLANG_ENABLE_OBJC_ARC = YES;
				CLANG_ENABLE_OBJC_WEAK = YES;
				CLANG_WARN_BLOCK_CAPTURE_AUTORELEASING = YES;
				CLANG_WARN_BOOL_CONVERSION = YES;
				CLANG_WARN_COMMA = YES;
				CLANG_WARN_CONSTANT_CONVERSION = YES;
				CLANG_WARN_DEPRECATED_OBJC_IMPLEMENTATIONS = YES;
				CLANG_WARN_DIRECT_OBJC_ISA_USAGE = YES_ERROR;
				CLANG_WARN_DOCUMENTATION_COMMENTS = YES;
				CLANG_WARN_EMPTY_BODY = YES;
				CLANG_WARN_ENUM_CONVERSION = YES;
				CLANG_WARN_INFINITE_RECURSION = YES;
				CLANG_WARN_INT_CONVERSION = YES;
				CLANG_WARN_NON_LITERAL_NULL_CONVERSION = YES;
				CLANG_WARN_OBJC_IMPLICIT_RETAIN_SELF = YES;
				CLANG_WARN_OBJC_LITERAL_CONVERSION = YES;
				CLANG_WARN_OBJC_ROOT_CLASS = YES_ERROR;
				CLANG_WARN_QUOTED_INCLUDE_IN_FRAMEWORK_HEADER = YES;
				CLANG_WARN_RANGE_LOOP_ANALYSIS = YES;
				CLANG_WARN_STRICT_PROTOTYPES = YES;
				CLANG_WARN_SUSPICIOUS_MOVE = YES;
				CLANG_WARN_UNGUARDED_AVAILABILITY = YES_AGGRESSIVE;
				CLANG_WARN_UNREACHABLE_CODE = YES;
				CLANG_WARN__DUPLICATE_METHOD_MATCH = YES;
				COPY_PHASE_STRIP = NO;
				DEBUG_INFORMATION_FORMAT = dwarf;
				ENABLE_STRICT_OBJC_MSGSEND = YES;
				ENABLE_TESTABILITY = YES;
				GCC_C_LANGUAGE_STANDARD = gnu11;
				GCC_DYNAMIC_NO_PIC = NO;
				GCC_NO_COMMON_BLOCKS = YES;
				GCC_OPTIMIZATION_LEVEL = 0;
				GCC_PREPROCESSOR_DEFINITIONS = (
					"DEBUG=1",
					"$(inherited)",
				);
				GCC_WARN_64_TO_32_BIT_CONVERSION = YES;
				GCC_WARN_ABOUT_RETURN_TYPE = YES_ERROR;
				GCC_WARN_UNDECLARED_SELECTOR = YES;
				GCC_WARN_UNINITIALIZED_AUTOS = YES_AGGRESSIVE;
				GCC_WARN_UNUSED_FUNCTION = YES;
				GCC_WARN_UNUSED_VARIABLE = YES;
				IPHONEOS_DEPLOYMENT_TARGET = 16.2;
				MTL_ENABLE_DEBUG_INFO = INCLUDE_SOURCE;
				MTL_FAST_MATH = YES;
				ONLY_ACTIVE_ARCH = YES;
				SDKROOT = iphoneos;
				SWIFT_ACTIVE_COMPILATION_CONDITIONS = DEBUG;
				SWIFT_OPTIMIZATION_LEVEL = "-Onone";
			};
			name = Debug;
		};
		4D8906112997C99300745459 /* Release */ = {
			isa = XCBuildConfiguration;
			buildSettings = {
				ALWAYS_SEARCH_USER_PATHS = NO;
				CLANG_ANALYZER_NONNULL = YES;
				CLANG_ANALYZER_NUMBER_OBJECT_CONVERSION = YES_AGGRESSIVE;
				CLANG_CXX_LANGUAGE_STANDARD = "gnu++20";
				CLANG_ENABLE_MODULES = YES;
				CLANG_ENABLE_OBJC_ARC = YES;
				CLANG_ENABLE_OBJC_WEAK = YES;
				CLANG_WARN_BLOCK_CAPTURE_AUTORELEASING = YES;
				CLANG_WARN_BOOL_CONVERSION = YES;
				CLANG_WARN_COMMA = YES;
				CLANG_WARN_CONSTANT_CONVERSION = YES;
				CLANG_WARN_DEPRECATED_OBJC_IMPLEMENTATIONS = YES;
				CLANG_WARN_DIRECT_OBJC_ISA_USAGE = YES_ERROR;
				CLANG_WARN_DOCUMENTATION_COMMENTS = YES;
				CLANG_WARN_EMPTY_BODY = YES;
				CLANG_WARN_ENUM_CONVERSION = YES;
				CLANG_WARN_INFINITE_RECURSION = YES;
				CLANG_WARN_INT_CONVERSION = YES;
				CLANG_WARN_NON_LITERAL_NULL_CONVERSION = YES;
				CLANG_WARN_OBJC_IMPLICIT_RETAIN_SELF = YES;
				CLANG_WARN_OBJC_LITERAL_CONVERSION = YES;
				CLANG_WARN_OBJC_ROOT_CLASS = YES_ERROR;
				CLANG_WARN_QUOTED_INCLUDE_IN_FRAMEWORK_HEADER = YES;
				CLANG_WARN_RANGE_LOOP_ANALYSIS = YES;
				CLANG_WARN_STRICT_PROTOTYPES = YES;
				CLANG_WARN_SUSPICIOUS_MOVE = YES;
				CLANG_WARN_UNGUARDED_AVAILABILITY = YES_AGGRESSIVE;
				CLANG_WARN_UNREACHABLE_CODE = YES;
				CLANG_WARN__DUPLICATE_METHOD_MATCH = YES;
				COPY_PHASE_STRIP = NO;
				DEBUG_INFORMATION_FORMAT = "dwarf-with-dsym";
				ENABLE_NS_ASSERTIONS = NO;
				ENABLE_STRICT_OBJC_MSGSEND = YES;
				GCC_C_LANGUAGE_STANDARD = gnu11;
				GCC_NO_COMMON_BLOCKS = YES;
				GCC_WARN_64_TO_32_BIT_CONVERSION = YES;
				GCC_WARN_ABOUT_RETURN_TYPE = YES_ERROR;
				GCC_WARN_UNDECLARED_SELECTOR = YES;
				GCC_WARN_UNINITIALIZED_AUTOS = YES_AGGRESSIVE;
				GCC_WARN_UNUSED_FUNCTION = YES;
				GCC_WARN_UNUSED_VARIABLE = YES;
				IPHONEOS_DEPLOYMENT_TARGET = 16.2;
				MTL_ENABLE_DEBUG_INFO = NO;
				MTL_FAST_MATH = YES;
				SDKROOT = iphoneos;
				SWIFT_COMPILATION_MODE = wholemodule;
				SWIFT_OPTIMIZATION_LEVEL = "-O";
				VALIDATE_PRODUCT = YES;
			};
			name = Release;
		};
		4D8906132997C99300745459 /* Debug */ = {
			isa = XCBuildConfiguration;
			buildSettings = {
				ASSETCATALOG_COMPILER_APPICON_NAME = AppIcon;
				ASSETCATALOG_COMPILER_GLOBAL_ACCENT_COLOR_NAME = AccentColor;
				CODE_SIGN_STYLE = Automatic;
				CURRENT_PROJECT_VERSION = 1;
				DEVELOPMENT_TEAM = Z9V4C4X7P6;
				GENERATE_INFOPLIST_FILE = YES;
				INFOPLIST_FILE = Jungle/Info.plist;
				INFOPLIST_KEY_UIApplicationSupportsIndirectInputEvents = YES;
				INFOPLIST_KEY_UILaunchStoryboardName = LaunchScreen;
				INFOPLIST_KEY_UISupportedInterfaceOrientations = UIInterfaceOrientationPortrait;
				INFOPLIST_KEY_UISupportedInterfaceOrientations_iPad = "UIInterfaceOrientationLandscapeLeft UIInterfaceOrientationLandscapeRight UIInterfaceOrientationPortrait UIInterfaceOrientationPortraitUpsideDown";
				LD_RUNPATH_SEARCH_PATHS = (
					"$(inherited)",
					"@executable_path/Frameworks",
				);
				MARKETING_VERSION = 1.0;
				PRODUCT_BUNDLE_IDENTIFIER = "co.jaxongorilla.Jungle-Adventures";
				PRODUCT_NAME = "$(TARGET_NAME)";
				SUPPORTED_PLATFORMS = "iphoneos iphonesimulator";
				SUPPORTS_MACCATALYST = NO;
				SUPPORTS_MAC_DESIGNED_FOR_IPHONE_IPAD = NO;
				SWIFT_EMIT_LOC_STRINGS = YES;
				SWIFT_VERSION = 5.0;
				TARGETED_DEVICE_FAMILY = "1,2";
			};
			name = Debug;
		};
		4D8906142997C99300745459 /* Release */ = {
			isa = XCBuildConfiguration;
			buildSettings = {
				ASSETCATALOG_COMPILER_APPICON_NAME = AppIcon;
				ASSETCATALOG_COMPILER_GLOBAL_ACCENT_COLOR_NAME = AccentColor;
				CODE_SIGN_STYLE = Automatic;
				CURRENT_PROJECT_VERSION = 1;
				DEVELOPMENT_TEAM = Z9V4C4X7P6;
				GENERATE_INFOPLIST_FILE = YES;
				INFOPLIST_FILE = Jungle/Info.plist;
				INFOPLIST_KEY_UIApplicationSupportsIndirectInputEvents = YES;
				INFOPLIST_KEY_UILaunchStoryboardName = LaunchScreen;
				INFOPLIST_KEY_UISupportedInterfaceOrientations = UIInterfaceOrientationPortrait;
				INFOPLIST_KEY_UISupportedInterfaceOrientations_iPad = "UIInterfaceOrientationLandscapeLeft UIInterfaceOrientationLandscapeRight UIInterfaceOrientationPortrait UIInterfaceOrientationPortraitUpsideDown";
				LD_RUNPATH_SEARCH_PATHS = (
					"$(inherited)",
					"@executable_path/Frameworks",
				);
				MARKETING_VERSION = 1.0;
				PRODUCT_BUNDLE_IDENTIFIER = "co.jaxongorilla.Jungle-Adventures";
				PRODUCT_NAME = "$(TARGET_NAME)";
				SUPPORTED_PLATFORMS = "iphoneos iphonesimulator";
				SUPPORTS_MACCATALYST = NO;
				SUPPORTS_MAC_DESIGNED_FOR_IPHONE_IPAD = NO;
				SWIFT_EMIT_LOC_STRINGS = YES;
				SWIFT_VERSION = 5.0;
				TARGETED_DEVICE_FAMILY = "1,2";
			};
			name = Release;
		};
/* End XCBuildConfiguration section */

/* Begin XCConfigurationList section */
		4D8905F92997C98D00745459 /* Build configuration list for PBXProject "Jungle" */ = {
			isa = XCConfigurationList;
			buildConfigurations = (
				4D8906102997C99300745459 /* Debug */,
				4D8906112997C99300745459 /* Release */,
			);
			defaultConfigurationIsVisible = 0;
			defaultConfigurationName = Release;
		};
		4D8906122997C99300745459 /* Build configuration list for PBXNativeTarget "Jungle" */ = {
			isa = XCConfigurationList;
			buildConfigurations = (
				4D8906132997C99300745459 /* Debug */,
				4D8906142997C99300745459 /* Release */,
			);
			defaultConfigurationIsVisible = 0;
			defaultConfigurationName = Release;
		};
/* End XCConfigurationList section */
	};
	rootObject = 4D8905F62997C98D00745459 /* Project object */;
}
